
Microsoft Visual Studio Solution File, Format Version 12.00
# Visual Studio Version 16
VisualStudioVersion = 16.0.31515.178
MinimumVisualStudioVersion = 10.0.40219.1
Project("{FAE04EC0-301F-11D3-BF4B-00C04F79EFBC}") = "TextAdventure", "TextAdventure.csproj", "{FF356729-E2EE-4287-9C0C-532F3AF87718}"
EndProject
Global
	GlobalSection(SolutionConfigurationPlatforms) = preSolution
		Debug|Any CPU = Debug|Any CPU
		Release|Any CPU = Release|Any CPU
	EndGlobalSection
	GlobalSection(ProjectConfigurationPlatforms) = postSolution
		{FF356729-E2EE-4287-9C0C-532F3AF87718}.Debug|Any CPU.ActiveCfg = Debug|Any CPU
		{FF356729-E2EE-4287-9C0C-532F3AF87718}.Debug|Any CPU.Build.0 = Debug|Any CPU
		{FF356729-E2EE-4287-9C0C-532F3AF87718}.Release|Any CPU.ActiveCfg = Release|Any CPU
		{FF356729-E2EE-4287-9C0C-532F3AF87718}.Release|Any CPU.Build.0 = Release|Any CPU
	EndGlobalSection
	GlobalSection(SolutionProperties) = preSolution
		HideSolutionNode = FALSE
	EndGlobalSection
	GlobalSection(ExtensibilityGlobals) = postSolution
		SolutionGuid = {A9499347-E5E4-4EA6-9AF5-419523EBE1F0}
	EndGlobalSection
EndGlobal
